{
    "_meta": {
        "hash": {
            "sha256": "ed5e126844288dea49b726b6366fa9bcbf806ee6375e38613d556a87119ceca5"
        },
        "pipfile-spec": 6,
        "requires": {
            "python_version": "3.9"
        },
        "sources": [
            {
                "name": "pypi",
                "url": "https://pypi.org/simple",
                "verify_ssl": true
            }
        ]
    },
    "default": {
        "comtypes": {
            "hashes": [
                "sha256:a9929e4bea8f874adc7c370e58a553aa91a4c08cecd58a0fdcf7ff5238af14e5"
            ],
            "index": "pypi",
            "version": "==1.1.10"
        }
    },
    "develop": {}
}
